
Microsoft Visual Studio Solution File, Format Version 12.00
# Visual Studio Version 16
VisualStudioVersion = 16.0.31005.135
MinimumVisualStudioVersion = 10.0.40219.1
Project("{FAE04EC0-301F-11D3-BF4B-00C04F79EFBC}") = "Pokemon.Api", "Pokemon.Api\Pokemon.Api.csproj", "{F934EB22-BD3A-4612-B2AF-B6CD14DB5A46}"
EndProject
Global
	GlobalSection(SolutionConfigurationPlatforms) = preSolution
		Debug|Any CPU = Debug|Any CPU
		Release|Any CPU = Release|Any CPU
	EndGlobalSection
	GlobalSection(ProjectConfigurationPlatforms) = postSolution
		{F934EB22-BD3A-4612-B2AF-B6CD14DB5A46}.Debug|Any CPU.ActiveCfg = Debug|Any CPU
		{F934EB22-BD3A-4612-B2AF-B6CD14DB5A46}.Debug|Any CPU.Build.0 = Debug|Any CPU
		{F934EB22-BD3A-4612-B2AF-B6CD14DB5A46}.Release|Any CPU.ActiveCfg = Release|Any CPU
		{F934EB22-BD3A-4612-B2AF-B6CD14DB5A46}.Release|Any CPU.Build.0 = Release|Any CPU
	EndGlobalSection
	GlobalSection(SolutionProperties) = preSolution
		HideSolutionNode = FALSE
	EndGlobalSection
	GlobalSection(ExtensibilityGlobals) = postSolution
		SolutionGuid = {373B5EBC-65FA-4B97-BDC0-89B687745DC4}
	EndGlobalSection
EndGlobal
